// !$*UTF8*$!
{
	archiveVersion = 1;
	classes = {
	};
	objectVersion = 56;
	objects = {

/* Begin PBXBuildFile section */
		09C134272B15D1E300877CB8 /* MyHolidaysApp.swift in Sources */ = {isa = PBXBuildFile; fileRef = 09C134262B15D1E300877CB8 /* MyHolidaysApp.swift */; };
		09C134292B15D1E300877CB8 /* ContentView.swift in Sources */ = {isa = PBXBuildFile; fileRef = 09C134282B15D1E300877CB8 /* ContentView.swift */; };
		09C1342B2B15D1E500877CB8 /* Assets.xcassets in Resources */ = {isa = PBXBuildFile; fileRef = 09C1342A2B15D1E500877CB8 /* Assets.xcassets */; };
		09C1342E2B15D1E500877CB8 /* Preview Assets.xcassets in Resources */ = {isa = PBXBuildFile; fileRef = 09C1342D2B15D1E500877CB8 /* Preview Assets.xcassets */; };
		09C134382B15D1E500877CB8 /* MyHolidaysTests.swift in Sources */ = {isa = PBXBuildFile; fileRef = 09C134372B15D1E500877CB8 /* MyHolidaysTests.swift */; };
		09C134422B15D1E500877CB8 /* MyHolidaysUITests.swift in Sources */ = {isa = PBXBuildFile; fileRef = 09C134412B15D1E500877CB8 /* MyHolidaysUITests.swift */; };
		09C134442B15D1E500877CB8 /* MyHolidaysUITestsLaunchTests.swift in Sources */ = {isa = PBXBuildFile; fileRef = 09C134432B15D1E500877CB8 /* MyHolidaysUITestsLaunchTests.swift */; };
/* End PBXBuildFile section */

/* Begin PBXContainerItemProxy section */
		09C134342B15D1E500877CB8 /* PBXContainerItemProxy */ = {
			isa = PBXContainerItemProxy;
			containerPortal = 09C1341B2B15D1E300877CB8 /* Project object */;
			proxyType = 1;
			remoteGlobalIDString = 09C134222B15D1E300877CB8;
			remoteInfo = MyHolidays;
		};
		09C1343E2B15D1E500877CB8 /* PBXContainerItemProxy */ = {
			isa = PBXContainerItemProxy;
			containerPortal = 09C1341B2B15D1E300877CB8 /* Project object */;
			proxyType = 1;
			remoteGlobalIDString = 09C134222B15D1E300877CB8;
			remoteInfo = MyHolidays;
		};
/* End PBXContainerItemProxy section */

/* Begin PBXFileReference section */
		09C134232B15D1E300877CB8 /* MyHolidays.app */ = {isa = PBXFileReference; explicitFileType = wrapper.application; includeInIndex = 0; path = MyHolidays.app; sourceTree = BUILT_PRODUCTS_DIR; };
		09C134262B15D1E300877CB8 /* MyHolidaysApp.swift */ = {isa = PBXFileReference; lastKnownFileType = sourcecode.swift; path = MyHolidaysApp.swift; sourceTree = "<group>"; };
		09C134282B15D1E300877CB8 /* ContentView.swift */ = {isa = PBXFileReference; lastKnownFileType = sourcecode.swift; path = ContentView.swift; sourceTree = "<group>"; };
		09C1342A2B15D1E500877CB8 /* Assets.xcassets */ = {isa = PBXFileReference; lastKnownFileType = folder.assetcatalog; path = Assets.xcassets; sourceTree = "<group>"; };
		09C1342D2B15D1E500877CB8 /* Preview Assets.xcassets */ = {isa = PBXFileReference; lastKnownFileType = folder.assetcatalog; path = "Preview Assets.xcassets"; sourceTree = "<group>"; };
		09C134332B15D1E500877CB8 /* MyHolidaysTests.xctest */ = {isa = PBXFileReference; explicitFileType = wrapper.cfbundle; includeInIndex = 0; path = MyHolidaysTests.xctest; sourceTree = BUILT_PRODUCTS_DIR; };
		09C134372B15D1E500877CB8 /* MyHolidaysTests.swift */ = {isa = PBXFileReference; lastKnownFileType = sourcecode.swift; path = MyHolidaysTests.swift; sourceTree = "<group>"; };
		09C1343D2B15D1E500877CB8 /* MyHolidaysUITests.xctest */ = {isa = PBXFileReference; explicitFileType = wrapper.cfbundle; includeInIndex = 0; path = MyHolidaysUITests.xctest; sourceTree = BUILT_PRODUCTS_DIR; };
		09C134412B15D1E500877CB8 /* MyHolidaysUITests.swift */ = {isa = PBXFileReference; lastKnownFileType = sourcecode.swift; path = MyHolidaysUITests.swift; sourceTree = "<group>"; };
		09C134432B15D1E500877CB8 /* MyHolidaysUITestsLaunchTests.swift */ = {isa = PBXFileReference; lastKnownFileType = sourcecode.swift; path = MyHolidaysUITestsLaunchTests.swift; sourceTree = "<group>"; };
/* End PBXFileReference section */

/* Begin PBXFrameworksBuildPhase section */
		09C134202B15D1E300877CB8 /* Frameworks */ = {
			isa = PBXFrameworksBuildPhase;
			buildActionMask = 2147483647;
			files = (
			);
			runOnlyForDeploymentPostprocessing = 0;
		};
		09C134302B15D1E500877CB8 /* Frameworks */ = {
			isa = PBXFrameworksBuildPhase;
			buildActionMask = 2147483647;
			files = (
			);
			runOnlyForDeploymentPostprocessing = 0;
		};
		09C1343A2B15D1E500877CB8 /* Frameworks */ = {
			isa = PBXFrameworksBuildPhase;
			buildActionMask = 2147483647;
			files = (
			);
			runOnlyForDeploymentPostprocessing = 0;
		};
/* End PBXFrameworksBuildPhase section */

/* Begin PBXGroup section */
		09C1341A2B15D1E300877CB8 = {
			isa = PBXGroup;
			children = (
				09C134252B15D1E300877CB8 /* MyHolidays */,
				09C134362B15D1E500877CB8 /* MyHolidaysTests */,
				09C134402B15D1E500877CB8 /* MyHolidaysUITests */,
				09C134242B15D1E300877CB8 /* Products */,
			);
			sourceTree = "<group>";
		};
		09C134242B15D1E300877CB8 /* Products */ = {
			isa = PBXGroup;
			children = (
				09C134232B15D1E300877CB8 /* MyHolidays.app */,
				09C134332B15D1E500877CB8 /* MyHolidaysTests.xctest */,
				09C1343D2B15D1E500877CB8 /* MyHolidaysUITests.xctest */,
			);
			name = Products;
			sourceTree = "<group>";
		};
		09C134252B15D1E300877CB8 /* MyHolidays */ = {
			isa = PBXGroup;
			children = (
				09C134262B15D1E300877CB8 /* MyHolidaysApp.swift */,
				09C134282B15D1E300877CB8 /* ContentView.swift */,
				09C1342A2B15D1E500877CB8 /* Assets.xcassets */,
				09C1342C2B15D1E500877CB8 /* Preview Content */,
			);
			path = MyHolidays;
			sourceTree = "<group>";
		};
		09C1342C2B15D1E500877CB8 /* Preview Content */ = {
			isa = PBXGroup;
			children = (
				09C1342D2B15D1E500877CB8 /* Preview Assets.xcassets */,
			);
			path = "Preview Content";
			sourceTree = "<group>";
		};
		09C134362B15D1E500877CB8 /* MyHolidaysTests */ = {
			isa = PBXGroup;
			children = (
				09C134372B15D1E500877CB8 /* MyHolidaysTests.swift */,
			);
			path = MyHolidaysTests;
			sourceTree = "<group>";
		};
		09C134402B15D1E500877CB8 /* MyHolidaysUITests */ = {
			isa = PBXGroup;
			children = (
				09C134412B15D1E500877CB8 /* MyHolidaysUITests.swift */,
				09C134432B15D1E500877CB8 /* MyHolidaysUITestsLaunchTests.swift */,
			);
			path = MyHolidaysUITests;
			sourceTree = "<group>";
		};
/* End PBXGroup section */

/* Begin PBXNativeTarget section */
		09C134222B15D1E300877CB8 /* MyHolidays */ = {
			isa = PBXNativeTarget;
			buildConfigurationList = 09C134472B15D1E500877CB8 /* Build configuration list for PBXNativeTarget "MyHolidays" */;
			buildPhases = (
				09C1341F2B15D1E300877CB8 /* Sources */,
				09C134202B15D1E300877CB8 /* Frameworks */,
				09C134212B15D1E300877CB8 /* Resources */,
			);
			buildRules = (
			);
			dependencies = (
			);
			name = MyHolidays;
			productName = MyHolidays;
			productReference = 09C134232B15D1E300877CB8 /* MyHolidays.app */;
			productType = "com.apple.product-type.application";
		};
		09C134322B15D1E500877CB8 /* MyHolidaysTests */ = {
			isa = PBXNativeTarget;
			buildConfigurationList = 09C1344A2B15D1E500877CB8 /* Build configuration list for PBXNativeTarget "MyHolidaysTests" */;
			buildPhases = (
				09C1342F2B15D1E500877CB8 /* Sources */,
				09C134302B15D1E500877CB8 /* Frameworks */,
				09C134312B15D1E500877CB8 /* Resources */,
			);
			buildRules = (
			);
			dependencies = (
				09C134352B15D1E500877CB8 /* PBXTargetDependency */,
			);
			name = MyHolidaysTests;
			productName = MyHolidaysTests;
			productReference = 09C134332B15D1E500877CB8 /* MyHolidaysTests.xctest */;
			productType = "com.apple.product-type.bundle.unit-test";
		};
		09C1343C2B15D1E500877CB8 /* MyHolidaysUITests */ = {
			isa = PBXNativeTarget;
			buildConfigurationList = 09C1344D2B15D1E500877CB8 /* Build configuration list for PBXNativeTarget "MyHolidaysUITests" */;
			buildPhases = (
				09C134392B15D1E500877CB8 /* Sources */,
				09C1343A2B15D1E500877CB8 /* Frameworks */,
				09C1343B2B15D1E500877CB8 /* Resources */,
			);
			buildRules = (
			);
			dependencies = (
				09C1343F2B15D1E500877CB8 /* PBXTargetDependency */,
			);
			name = MyHolidaysUITests;
			productName = MyHolidaysUITests;
			productReference = 09C1343D2B15D1E500877CB8 /* MyHolidaysUITests.xctest */;
			productType = "com.apple.product-type.bundle.ui-testing";
		};
/* End PBXNativeTarget section */

/* Begin PBXProject section */
		09C1341B2B15D1E300877CB8 /* Project object */ = {
			isa = PBXProject;
			attributes = {
				BuildIndependentTargetsInParallel = 1;
				LastSwiftUpdateCheck = 1500;
				LastUpgradeCheck = 1500;
				TargetAttributes = {
					09C134222B15D1E300877CB8 = {
						CreatedOnToolsVersion = 15.0.1;
					};
					09C134322B15D1E500877CB8 = {
						CreatedOnToolsVersion = 15.0.1;
						TestTargetID = 09C134222B15D1E300877CB8;
					};
					09C1343C2B15D1E500877CB8 = {
						CreatedOnToolsVersion = 15.0.1;
						TestTargetID = 09C134222B15D1E300877CB8;
					};
				};
			};
			buildConfigurationList = 09C1341E2B15D1E300877CB8 /* Build configuration list for PBXProject "MyHolidays" */;
			compatibilityVersion = "Xcode 14.0";
			developmentRegion = en;
			hasScannedForEncodings = 0;
			knownRegions = (
				en,
				Base,
			);
			mainGroup = 09C1341A2B15D1E300877CB8;
			productRefGroup = 09C134242B15D1E300877CB8 /* Products */;
			projectDirPath = "";
			projectRoot = "";
			targets = (
				09C134222B15D1E300877CB8 /* MyHolidays */,
				09C134322B15D1E500877CB8 /* MyHolidaysTests */,
				09C1343C2B15D1E500877CB8 /* MyHolidaysUITests */,
			);
		};
/* End PBXProject section */

/* Begin PBXResourcesBuildPhase section */
		09C134212B15D1E300877CB8 /* Resources */ = {
			isa = PBXResourcesBuildPhase;
			buildActionMask = 2147483647;
			files = (
				09C1342E2B15D1E500877CB8 /* Preview Assets.xcassets in Resources */,
				09C1342B2B15D1E500877CB8 /* Assets.xcassets in Resources */,
			);
			runOnlyForDeploymentPostprocessing = 0;
		};
		09C134312B15D1E500877CB8 /* Resources */ = {
			isa = PBXResourcesBuildPhase;
			buildActionMask = 2147483647;
			files = (
			);
			runOnlyForDeploymentPostprocessing = 0;
		};
		09C1343B2B15D1E500877CB8 /* Resources */ = {
			isa = PBXResourcesBuildPhase;
			buildActionMask = 2147483647;
			files = (
			);
			runOnlyForDeploymentPostprocessing = 0;
		};
/* End PBXResourcesBuildPhase section */

/* Begin PBXSourcesBuildPhase section */
		09C1341F2B15D1E300877CB8 /* Sources */ = {
			isa = PBXSourcesBuildPhase;
			buildActionMask = 2147483647;
			files = (
				09C134292B15D1E300877CB8 /* ContentView.swift in Sources */,
				09C134272B15D1E300877CB8 /* MyHolidaysApp.swift in Sources */,
			);
			runOnlyForDeploymentPostprocessing = 0;
		};
		09C1342F2B15D1E500877CB8 /* Sources */ = {
			isa = PBXSourcesBuildPhase;
			buildActionMask = 2147483647;
			files = (
				09C134382B15D1E500877CB8 /* MyHolidaysTests.swift in Sources */,
			);
			runOnlyForDeploymentPostprocessing = 0;
		};
		09C134392B15D1E500877CB8 /* Sources */ = {
			isa = PBXSourcesBuildPhase;
			buildActionMask = 2147483647;
			files = (
				09C134422B15D1E500877CB8 /* MyHolidaysUITests.swift in Sources */,
				09C134442B15D1E500877CB8 /* MyHolidaysUITestsLaunchTests.swift in Sources */,
			);
			runOnlyForDeploymentPostprocessing = 0;
		};
/* End PBXSourcesBuildPhase section */

/* Begin PBXTargetDependency section */
		09C134352B15D1E500877CB8 /* PBXTargetDependency */ = {
			isa = PBXTargetDependency;
			target = 09C134222B15D1E300877CB8 /* MyHolidays */;
			targetProxy = 09C134342B15D1E500877CB8 /* PBXContainerItemProxy */;
		};
		09C1343F2B15D1E500877CB8 /* PBXTargetDependency */ = {
			isa = PBXTargetDependency;
			target = 09C134222B15D1E300877CB8 /* MyHolidays */;
			targetProxy = 09C1343E2B15D1E500877CB8 /* PBXContainerItemProxy */;
		};
/* End PBXTargetDependency section */

/* Begin XCBuildConfiguration section */
		09C134452B15D1E500877CB8 /* Debug */ = {
			isa = XCBuildConfiguration;
			buildSettings = {
				ALWAYS_SEARCH_USER_PATHS = NO;
				ASSETCATALOG_COMPILER_GENERATE_SWIFT_ASSET_SYMBOL_EXTENSIONS = YES;
				CLANG_ANALYZER_NONNULL = YES;
				CLANG_ANALYZER_NUMBER_OBJECT_CONVERSION = YES_AGGRESSIVE;
				CLANG_CXX_LANGUAGE_STANDARD = "gnu++20";
				CLANG_ENABLE_MODULES = YES;
				CLANG_ENABLE_OBJC_ARC = YES;
				CLANG_ENABLE_OBJC_WEAK = YES;
				CLANG_WARN_BLOCK_CAPTURE_AUTORELEASING = YES;
				CLANG_WARN_BOOL_CONVERSION = YES;
				CLANG_WARN_COMMA = YES;
				CLANG_WARN_CONSTANT_CONVERSION = YES;
				CLANG_WARN_DEPRECATED_OBJC_IMPLEMENTATIONS = YES;
				CLANG_WARN_DIRECT_OBJC_ISA_USAGE = YES_ERROR;
				CLANG_WARN_DOCUMENTATION_COMMENTS = YES;
				CLANG_WARN_EMPTY_BODY = YES;
				CLANG_WARN_ENUM_CONVERSION = YES;
				CLANG_WARN_INFINITE_RECURSION = YES;
				CLANG_WARN_INT_CONVERSION = YES;
				CLANG_WARN_NON_LITERAL_NULL_CONVERSION = YES;
				CLANG_WARN_OBJC_IMPLICIT_RETAIN_SELF = YES;
				CLANG_WARN_OBJC_LITERAL_CONVERSION = YES;
				CLANG_WARN_OBJC_ROOT_CLASS = YES_ERROR;
				CLANG_WARN_QUOTED_INCLUDE_IN_FRAMEWORK_HEADER = YES;
				CLANG_WARN_RANGE_LOOP_ANALYSIS = YES;
				CLANG_WARN_STRICT_PROTOTYPES = YES;
				CLANG_WARN_SUSPICIOUS_MOVE = YES;
				CLANG_WARN_UNGUARDED_AVAILABILITY = YES_AGGRESSIVE;
				CLANG_WARN_UNREACHABLE_CODE = YES;
				CLANG_WARN__DUPLICATE_METHOD_MATCH = YES;
				COPY_PHASE_STRIP = NO;
				DEBUG_INFORMATION_FORMAT = dwarf;
				ENABLE_STRICT_OBJC_MSGSEND = YES;
				ENABLE_TESTABILITY = YES;
				ENABLE_USER_SCRIPT_SANDBOXING = YES;
				GCC_C_LANGUAGE_STANDARD = gnu17;
				GCC_DYNAMIC_NO_PIC = NO;
				GCC_NO_COMMON_BLOCKS = YES;
				GCC_OPTIMIZATION_LEVEL = 0;
				GCC_PREPROCESSOR_DEFINITIONS = (
					"DEBUG=1",
					"$(inherited)",
				);
				GCC_WARN_64_TO_32_BIT_CONVERSION = YES;
				GCC_WARN_ABOUT_RETURN_TYPE = YES_ERROR;
				GCC_WARN_UNDECLARED_SELECTOR = YES;
				GCC_WARN_UNINITIALIZED_AUTOS = YES_AGGRESSIVE;
				GCC_WARN_UNUSED_FUNCTION = YES;
				GCC_WARN_UNUSED_VARIABLE = YES;
				IPHONEOS_DEPLOYMENT_TARGET = 17.0;
				LOCALIZATION_PREFERS_STRING_CATALOGS = YES;
				MTL_ENABLE_DEBUG_INFO = INCLUDE_SOURCE;
				MTL_FAST_MATH = YES;
				ONLY_ACTIVE_ARCH = YES;
				SDKROOT = iphoneos;
				SWIFT_ACTIVE_COMPILATION_CONDITIONS = "DEBUG $(inherited)";
				SWIFT_OPTIMIZATION_LEVEL = "-Onone";
			};
			name = Debug;
		};
		09C134462B15D1E500877CB8 /* Release */ = {
			isa = XCBuildConfiguration;
			buildSettings = {
				ALWAYS_SEARCH_USER_PATHS = NO;
				ASSETCATALOG_COMPILER_GENERATE_SWIFT_ASSET_SYMBOL_EXTENSIONS = YES;
				CLANG_ANALYZER_NONNULL = YES;
				CLANG_ANALYZER_NUMBER_OBJECT_CONVERSION = YES_AGGRESSIVE;
				CLANG_CXX_LANGUAGE_STANDARD = "gnu++20";
				CLANG_ENABLE_MODULES = YES;
				CLANG_ENABLE_OBJC_ARC = YES;
				CLANG_ENABLE_OBJC_WEAK = YES;
				CLANG_WARN_BLOCK_CAPTURE_AUTORELEASING = YES;
				CLANG_WARN_BOOL_CONVERSION = YES;
				CLANG_WARN_COMMA = YES;
				CLANG_WARN_CONSTANT_CONVERSION = YES;
				CLANG_WARN_DEPRECATED_OBJC_IMPLEMENTATIONS = YES;
				CLANG_WARN_DIRECT_OBJC_ISA_USAGE = YES_ERROR;
				CLANG_WARN_DOCUMENTATION_COMMENTS = YES;
				CLANG_WARN_EMPTY_BODY = YES;
				CLANG_WARN_ENUM_CONVERSION = YES;
				CLANG_WARN_INFINITE_RECURSION = YES;
				CLANG_WARN_INT_CONVERSION = YES;
				CLANG_WARN_NON_LITERAL_NULL_CONVERSION = YES;
				CLANG_WARN_OBJC_IMPLICIT_RETAIN_SELF = YES;
				CLANG_WARN_OBJC_LITERAL_CONVERSION = YES;
				CLANG_WARN_OBJC_ROOT_CLASS = YES_ERROR;
				CLANG_WARN_QUOTED_INCLUDE_IN_FRAMEWORK_HEADER = YES;
				CLANG_WARN_RANGE_LOOP_ANALYSIS = YES;
				CLANG_WARN_STRICT_PROTOTYPES = YES;
				CLANG_WARN_SUSPICIOUS_MOVE = YES;
				CLANG_WARN_UNGUARDED_AVAILABILITY = YES_AGGRESSIVE;
				CLANG_WARN_UNREACHABLE_CODE = YES;
				CLANG_WARN__DUPLICATE_METHOD_MATCH = YES;
				COPY_PHASE_STRIP = NO;
				DEBUG_INFORMATION_FORMAT = "dwarf-with-dsym";
				ENABLE_NS_ASSERTIONS = NO;
				ENABLE_STRICT_OBJC_MSGSEND = YES;
				ENABLE_USER_SCRIPT_SANDBOXING = YES;
				GCC_C_LANGUAGE_STANDARD = gnu17;
				GCC_NO_COMMON_BLOCKS = YES;
				GCC_WARN_64_TO_32_BIT_CONVERSION = YES;
				GCC_WARN_ABOUT_RETURN_TYPE = YES_ERROR;
				GCC_WARN_UNDECLARED_SELECTOR = YES;
				GCC_WARN_UNINITIALIZED_AUTOS = YES_AGGRESSIVE;
				GCC_WARN_UNUSED_FUNCTION = YES;
				GCC_WARN_UNUSED_VARIABLE = YES;
				IPHONEOS_DEPLOYMENT_TARGET = 17.0;
				LOCALIZATION_PREFERS_STRING_CATALOGS = YES;
				MTL_ENABLE_DEBUG_INFO = NO;
				MTL_FAST_MATH = YES;
				SDKROOT = iphoneos;
				SWIFT_COMPILATION_MODE = wholemodule;
				VALIDATE_PRODUCT = YES;
			};
			name = Release;
		};
		09C134482B15D1E500877CB8 /* Debug */ = {
			isa = XCBuildConfiguration;
			buildSettings = {
				ASSETCATALOG_COMPILER_APPICON_NAME = AppIcon;
				ASSETCATALOG_COMPILER_GLOBAL_ACCENT_COLOR_NAME = AccentColor;
				CODE_SIGN_STYLE = Automatic;
				CURRENT_PROJECT_VERSION = 1;
				DEVELOPMENT_ASSET_PATHS = "\"MyHolidays/Preview Content\"";
				DEVELOPMENT_TEAM = UY74P62384;
				ENABLE_PREVIEWS = YES;
				GENERATE_INFOPLIST_FILE = YES;
				INFOPLIST_KEY_UIApplicationSceneManifest_Generation = YES;
				INFOPLIST_KEY_UIApplicationSupportsIndirectInputEvents = YES;
				INFOPLIST_KEY_UILaunchScreen_Generation = YES;
				INFOPLIST_KEY_UISupportedInterfaceOrientations_iPad = "UIInterfaceOrientationPortrait UIInterfaceOrientationPortraitUpsideDown UIInterfaceOrientationLandscapeLeft UIInterfaceOrientationLandscapeRight";
				INFOPLIST_KEY_UISupportedInterfaceOrientations_iPhone = "UIInterfaceOrientationPortrait UIInterfaceOrientationLandscapeLeft UIInterfaceOrientationLandscapeRight";
				LD_RUNPATH_SEARCH_PATHS = (
					"$(inherited)",
					"@executable_path/Frameworks",
				);
				MARKETING_VERSION = 1.0;
				PRODUCT_BUNDLE_IDENTIFIER = com.maddy.MyHolidays;
				PRODUCT_NAME = "$(TARGET_NAME)";
				SWIFT_EMIT_LOC_STRINGS = YES;
				SWIFT_VERSION = 5.0;
				TARGETED_DEVICE_FAMILY = "1,2";
			};
			name = Debug;
		};
		09C134492B15D1E500877CB8 /* Release */ = {
			isa = XCBuildConfiguration;
			buildSettings = {
				ASSETCATALOG_COMPILER_APPICON_NAME = AppIcon;
				ASSETCATALOG_COMPILER_GLOBAL_ACCENT_COLOR_NAME = AccentColor;
				CODE_SIGN_STYLE = Automatic;
				CURRENT_PROJECT_VERSION = 1;
				DEVELOPMENT_ASSET_PATHS = "\"MyHolidays/Preview Content\"";
				DEVELOPMENT_TEAM = UY74P62384;
				ENABLE_PREVIEWS = YES;
				GENERATE_INFOPLIST_FILE = YES;
				INFOPLIST_KEY_UIApplicationSceneManifest_Generation = YES;
				INFOPLIST_KEY_UIApplicationSupportsIndirectInputEvents = YES;
				INFOPLIST_KEY_UILaunchScreen_Generation = YES;
				INFOPLIST_KEY_UISupportedInterfaceOrientations_iPad = "UIInterfaceOrientationPortrait UIInterfaceOrientationPortraitUpsideDown UIInterfaceOrientationLandscapeLeft UIInterfaceOrientationLandscapeRight";
				INFOPLIST_KEY_UISupportedInterfaceOrientations_iPhone = "UIInterfaceOrientationPortrait UIInterfaceOrientationLandscapeLeft UIInterfaceOrientationLandscapeRight";
				LD_RUNPATH_SEARCH_PATHS = (
					"$(inherited)",
					"@executable_path/Frameworks",
				);
				MARKETING_VERSION = 1.0;
				PRODUCT_BUNDLE_IDENTIFIER = com.maddy.MyHolidays;
				PRODUCT_NAME = "$(TARGET_NAME)";
				SWIFT_EMIT_LOC_STRINGS = YES;
				SWIFT_VERSION = 5.0;
				TARGETED_DEVICE_FAMILY = "1,2";
			};
			name = Release;
		};
		09C1344B2B15D1E500877CB8 /* Debug */ = {
			isa = XCBuildConfiguration;
			buildSettings = {
				ALWAYS_EMBED_SWIFT_STANDARD_LIBRARIES = YES;
				BUNDLE_LOADER = "$(TEST_HOST)";
				CODE_SIGN_STYLE = Automatic;
				CURRENT_PROJECT_VERSION = 1;
				DEVELOPMENT_TEAM = UY74P62384;
				GENERATE_INFOPLIST_FILE = YES;
				IPHONEOS_DEPLOYMENT_TARGET = 17.0;
				MARKETING_VERSION = 1.0;
				PRODUCT_BUNDLE_IDENTIFIER = com.maddy.MyHolidaysTests;
				PRODUCT_NAME = "$(TARGET_NAME)";
				SWIFT_EMIT_LOC_STRINGS = NO;
				SWIFT_VERSION = 5.0;
				TARGETED_DEVICE_FAMILY = "1,2";
				TEST_HOST = "$(BUILT_PRODUCTS_DIR)/MyHolidays.app/$(BUNDLE_EXECUTABLE_FOLDER_PATH)/MyHolidays";
			};
			name = Debug;
		};
		09C1344C2B15D1E500877CB8 /* Release */ = {
			isa = XCBuildConfiguration;
			buildSettings = {
				ALWAYS_EMBED_SWIFT_STANDARD_LIBRARIES = YES;
				BUNDLE_LOADER = "$(TEST_HOST)";
				CODE_SIGN_STYLE = Automatic;
				CURRENT_PROJECT_VERSION = 1;
				DEVELOPMENT_TEAM = UY74P62384;
				GENERATE_INFOPLIST_FILE = YES;
				IPHONEOS_DEPLOYMENT_TARGET = 17.0;
				MARKETING_VERSION = 1.0;
				PRODUCT_BUNDLE_IDENTIFIER = com.maddy.MyHolidaysTests;
				PRODUCT_NAME = "$(TARGET_NAME)";
				SWIFT_EMIT_LOC_STRINGS = NO;
				SWIFT_VERSION = 5.0;
				TARGETED_DEVICE_FAMILY = "1,2";
				TEST_HOST = "$(BUILT_PRODUCTS_DIR)/MyHolidays.app/$(BUNDLE_EXECUTABLE_FOLDER_PATH)/MyHolidays";
			};
			name = Release;
		};
		09C1344E2B15D1E500877CB8 /* Debug */ = {
			isa = XCBuildConfiguration;
			buildSettings = {
				ALWAYS_EMBED_SWIFT_STANDARD_LIBRARIES = YES;
				CODE_SIGN_STYLE = Automatic;
				CURRENT_PROJECT_VERSION = 1;
				DEVELOPMENT_TEAM = UY74P62384;
				GENERATE_INFOPLIST_FILE = YES;
				MARKETING_VERSION = 1.0;
				PRODUCT_BUNDLE_IDENTIFIER = com.maddy.MyHolidaysUITests;
				PRODUCT_NAME = "$(TARGET_NAME)";
				SWIFT_EMIT_LOC_STRINGS = NO;
				SWIFT_VERSION = 5.0;
				TARGETED_DEVICE_FAMILY = "1,2";
				TEST_TARGET_NAME = MyHolidays;
			};
			name = Debug;
		};
		09C1344F2B15D1E500877CB8 /* Release */ = {
			isa = XCBuildConfiguration;
			buildSettings = {
				ALWAYS_EMBED_SWIFT_STANDARD_LIBRARIES = YES;
				CODE_SIGN_STYLE = Automatic;
				CURRENT_PROJECT_VERSION = 1;
				DEVELOPMENT_TEAM = UY74P62384;
				GENERATE_INFOPLIST_FILE = YES;
				MARKETING_VERSION = 1.0;
				PRODUCT_BUNDLE_IDENTIFIER = com.maddy.MyHolidaysUITests;
				PRODUCT_NAME = "$(TARGET_NAME)";
				SWIFT_EMIT_LOC_STRINGS = NO;
				SWIFT_VERSION = 5.0;
				TARGETED_DEVICE_FAMILY = "1,2";
				TEST_TARGET_NAME = MyHolidays;
			};
			name = Release;
		};
/* End XCBuildConfiguration section */

/* Begin XCConfigurationList section */
		09C1341E2B15D1E300877CB8 /* Build configuration list for PBXProject "MyHolidays" */ = {
			isa = XCConfigurationList;
			buildConfigurations = (
				09C134452B15D1E500877CB8 /* Debug */,
				09C134462B15D1E500877CB8 /* Release */,
			);
			defaultConfigurationIsVisible = 0;
			defaultConfigurationName = Release;
		};
		09C134472B15D1E500877CB8 /* Build configuration list for PBXNativeTarget "MyHolidays" */ = {
			isa = XCConfigurationList;
			buildConfigurations = (
				09C134482B15D1E500877CB8 /* Debug */,
				09C134492B15D1E500877CB8 /* Release */,
			);
			defaultConfigurationIsVisible = 0;
			defaultConfigurationName = Release;
		};
		09C1344A2B15D1E500877CB8 /* Build configuration list for PBXNativeTarget "MyHolidaysTests" */ = {
			isa = XCConfigurationList;
			buildConfigurations = (
				09C1344B2B15D1E500877CB8 /* Debug */,
				09C1344C2B15D1E500877CB8 /* Release */,
			);
			defaultConfigurationIsVisible = 0;
			defaultConfigurationName = Release;
		};
		09C1344D2B15D1E500877CB8 /* Build configuration list for PBXNativeTarget "MyHolidaysUITests" */ = {
			isa = XCConfigurationList;
			buildConfigurations = (
				09C1344E2B15D1E500877CB8 /* Debug */,
				09C1344F2B15D1E500877CB8 /* Release */,
			);
			defaultConfigurationIsVisible = 0;
			defaultConfigurationName = Release;
		};
/* End XCConfigurationList section */
	};
	rootObject = 09C1341B2B15D1E300877CB8 /* Project object */;
}
